
Microsoft Visual Studio Solution File, Format Version 12.00
# Visual Studio Version 16
VisualStudioVersion = 16.0.32602.291
MinimumVisualStudioVersion = 10.0.40219.1
Project("{FAE04EC0-301F-11D3-BF4B-00C04F79EFBC}") = "WebApplication3", "WebApplication3.csproj", "{791B5B84-AB08-4918-A276-07C1C8D00661}"
EndProject
Global
	GlobalSection(SolutionConfigurationPlatforms) = preSolution
		Debug|Any CPU = Debug|Any CPU
		Release|Any CPU = Release|Any CPU
	EndGlobalSection
	GlobalSection(ProjectConfigurationPlatforms) = postSolution
		{791B5B84-AB08-4918-A276-07C1C8D00661}.Debug|Any CPU.ActiveCfg = Debug|Any CPU
		{791B5B84-AB08-4918-A276-07C1C8D00661}.Debug|Any CPU.Build.0 = Debug|Any CPU
		{791B5B84-AB08-4918-A276-07C1C8D00661}.Release|Any CPU.ActiveCfg = Release|Any CPU
		{791B5B84-AB08-4918-A276-07C1C8D00661}.Release|Any CPU.Build.0 = Release|Any CPU
	EndGlobalSection
	GlobalSection(SolutionProperties) = preSolution
		HideSolutionNode = FALSE
	EndGlobalSection
	GlobalSection(ExtensibilityGlobals) = postSolution
		SolutionGuid = {E20F015E-74AD-49C9-BC2D-CF71990C5B2A}
	EndGlobalSection
EndGlobal
